
Microsoft Visual Studio Solution File, Format Version 12.00
# Visual Studio Version 16
VisualStudioVersion = 16.0.30717.126
MinimumVisualStudioVersion = 10.0.40219.1
Project("{9A19103F-16F7-4668-BE54-9A1E7A4F7556}") = "Folio3.Sbp.Api", "Folio3.Sbp.Api\Folio3.Sbp.Api.csproj", "{6F053C82-39A2-48B6-BC12-0D5DC019BDCC}"
EndProject
Project("{9A19103F-16F7-4668-BE54-9A1E7A4F7556}") = "Folio3.Sbp.Data", "Folio3.Sbp.Data\Folio3.Sbp.Data.csproj", "{454A651D-0793-4011-AC59-065973BFB51C}"
EndProject
Project("{9A19103F-16F7-4668-BE54-9A1E7A4F7556}") = "Folio3.Sbp.Common", "Folio3.Sbp.Common\Folio3.Sbp.Common.csproj", "{CA98FC0A-99F5-4DA9-BEC0-73A1FAC24132}"
EndProject
Project("{2150E333-8FDC-42A3-9474-1A3956D46DE8}") = "Solution Items", "Solution Items", "{A36E1EAF-C159-4611-A224-C68509DDFD91}"
	ProjectSection(SolutionItems) = preProject
		..\..\README.md = ..\..\README.md
	EndProjectSection
EndProject
Project("{2150E333-8FDC-42A3-9474-1A3956D46DE8}") = "Config", "Config", "{1A9A5A17-91FD-4E74-834F-D95E1C7061CE}"
	ProjectSection(SolutionItems) = preProject
		SharedSettings.Development.json = SharedSettings.Development.json
		SharedSettings.json = SharedSettings.json
		SharedSettings.Production.json = SharedSettings.Production.json
	EndProjectSection
EndProject
Project("{2150E333-8FDC-42A3-9474-1A3956D46DE8}") = "Machine", "Machine", "{A2761187-7ABA-4F8C-BF0E-700F96810115}"
	ProjectSection(SolutionItems) = preProject
		Settings.MKUMAR-LT.json = Settings.MKUMAR-LT.json
		Settings.OREHMAN-LT.json = Settings.OREHMAN-LT.json
	EndProjectSection
EndProject
Project("{9A19103F-16F7-4668-BE54-9A1E7A4F7556}") = "Folio3.Sbp.Service", "Folio3.Sbp.Service\Folio3.Sbp.Service.csproj", "{7338B9AD-988C-4D28-A93E-44E9634D29F7}"
EndProject
Project("{FAE04EC0-301F-11D3-BF4B-00C04F79EFBC}") = "Folio3.Sbp.UnitTest", "Folio3.Sbp.UnitTest\Folio3.Sbp.UnitTest.csproj", "{5390ED5F-E10F-4BAB-8462-EC11606D5ED3}"
EndProject
Global
	GlobalSection(SolutionConfigurationPlatforms) = preSolution
		Debug|Any CPU = Debug|Any CPU
		Release|Any CPU = Release|Any CPU
	EndGlobalSection
	GlobalSection(ProjectConfigurationPlatforms) = postSolution
		{6F053C82-39A2-48B6-BC12-0D5DC019BDCC}.Debug|Any CPU.ActiveCfg = Debug|Any CPU
		{6F053C82-39A2-48B6-BC12-0D5DC019BDCC}.Debug|Any CPU.Build.0 = Debug|Any CPU
		{6F053C82-39A2-48B6-BC12-0D5DC019BDCC}.Release|Any CPU.ActiveCfg = Release|Any CPU
		{6F053C82-39A2-48B6-BC12-0D5DC019BDCC}.Release|Any CPU.Build.0 = Release|Any CPU
		{454A651D-0793-4011-AC59-065973BFB51C}.Debug|Any CPU.ActiveCfg = Debug|Any CPU
		{454A651D-0793-4011-AC59-065973BFB51C}.Debug|Any CPU.Build.0 = Debug|Any CPU
		{454A651D-0793-4011-AC59-065973BFB51C}.Release|Any CPU.ActiveCfg = Release|Any CPU
		{454A651D-0793-4011-AC59-065973BFB51C}.Release|Any CPU.Build.0 = Release|Any CPU
		{CA98FC0A-99F5-4DA9-BEC0-73A1FAC24132}.Debug|Any CPU.ActiveCfg = Debug|Any CPU
		{CA98FC0A-99F5-4DA9-BEC0-73A1FAC24132}.Debug|Any CPU.Build.0 = Debug|Any CPU
		{CA98FC0A-99F5-4DA9-BEC0-73A1FAC24132}.Release|Any CPU.ActiveCfg = Release|Any CPU
		{CA98FC0A-99F5-4DA9-BEC0-73A1FAC24132}.Release|Any CPU.Build.0 = Release|Any CPU
		{7338B9AD-988C-4D28-A93E-44E9634D29F7}.Debug|Any CPU.ActiveCfg = Debug|Any CPU
		{7338B9AD-988C-4D28-A93E-44E9634D29F7}.Debug|Any CPU.Build.0 = Debug|Any CPU
		{7338B9AD-988C-4D28-A93E-44E9634D29F7}.Release|Any CPU.ActiveCfg = Release|Any CPU
		{7338B9AD-988C-4D28-A93E-44E9634D29F7}.Release|Any CPU.Build.0 = Release|Any CPU
		{5390ED5F-E10F-4BAB-8462-EC11606D5ED3}.Debug|Any CPU.ActiveCfg = Debug|Any CPU
		{5390ED5F-E10F-4BAB-8462-EC11606D5ED3}.Debug|Any CPU.Build.0 = Debug|Any CPU
		{5390ED5F-E10F-4BAB-8462-EC11606D5ED3}.Release|Any CPU.ActiveCfg = Release|Any CPU
		{5390ED5F-E10F-4BAB-8462-EC11606D5ED3}.Release|Any CPU.Build.0 = Release|Any CPU
	EndGlobalSection
	GlobalSection(SolutionProperties) = preSolution
		HideSolutionNode = FALSE
	EndGlobalSection
	GlobalSection(NestedProjects) = preSolution
		{A2761187-7ABA-4F8C-BF0E-700F96810115} = {1A9A5A17-91FD-4E74-834F-D95E1C7061CE}
	EndGlobalSection
	GlobalSection(ExtensibilityGlobals) = postSolution
		SolutionGuid = {D123B2E0-BD4B-40A6-B5BA-68A466417208}
	EndGlobalSection
EndGlobal
